
Microsoft Visual Studio Solution File, Format Version 12.00
# Visual Studio Version 16
VisualStudioVersion = 16.0.29306.81
MinimumVisualStudioVersion = 10.0.40219.1
Project("{FAE04EC0-301F-11D3-BF4B-00C04F79EFBC}") = "DineOut", "DineOut\DineOut.csproj", "{A851E86F-18E0-4697-8345-975A1A30103F}"
EndProject
Global
	GlobalSection(SolutionConfigurationPlatforms) = preSolution
		Debug|Any CPU = Debug|Any CPU
		Release|Any CPU = Release|Any CPU
	EndGlobalSection
	GlobalSection(ProjectConfigurationPlatforms) = postSolution
		{A851E86F-18E0-4697-8345-975A1A30103F}.Debug|Any CPU.ActiveCfg = Debug|Any CPU
		{A851E86F-18E0-4697-8345-975A1A30103F}.Debug|Any CPU.Build.0 = Debug|Any CPU
		{A851E86F-18E0-4697-8345-975A1A30103F}.Release|Any CPU.ActiveCfg = Release|Any CPU
		{A851E86F-18E0-4697-8345-975A1A30103F}.Release|Any CPU.Build.0 = Release|Any CPU
	EndGlobalSection
	GlobalSection(SolutionProperties) = preSolution
		HideSolutionNode = FALSE
	EndGlobalSection
	GlobalSection(ExtensibilityGlobals) = postSolution
		SolutionGuid = {680D8662-2686-4C67-93BF-B2093EDD5168}
	EndGlobalSection
EndGlobal
